
Microsoft Visual Studio Solution File, Format Version 12.00
# Visual Studio Version 16
VisualStudioVersion = 16.0.29102.190
MinimumVisualStudioVersion = 10.0.40219.1
Project("{FAE04EC0-301F-11D3-BF4B-00C04F79EFBC}") = "5StarWebsite", "5StarWebsite\5StarWebsite.csproj", "{4620D23F-F368-4212-9B3A-F49DA1668BB1}"
EndProject
Global
	GlobalSection(SolutionConfigurationPlatforms) = preSolution
		Debug|Any CPU = Debug|Any CPU
		Release|Any CPU = Release|Any CPU
	EndGlobalSection
	GlobalSection(ProjectConfigurationPlatforms) = postSolution
		{4620D23F-F368-4212-9B3A-F49DA1668BB1}.Debug|Any CPU.ActiveCfg = Debug|Any CPU
		{4620D23F-F368-4212-9B3A-F49DA1668BB1}.Debug|Any CPU.Build.0 = Debug|Any CPU
		{4620D23F-F368-4212-9B3A-F49DA1668BB1}.Release|Any CPU.ActiveCfg = Release|Any CPU
		{4620D23F-F368-4212-9B3A-F49DA1668BB1}.Release|Any CPU.Build.0 = Release|Any CPU
	EndGlobalSection
	GlobalSection(SolutionProperties) = preSolution
		HideSolutionNode = FALSE
	EndGlobalSection
	GlobalSection(ExtensibilityGlobals) = postSolution
		SolutionGuid = {1B0A4B90-5FC1-4844-BF24-3E25E7C9C4F3}
	EndGlobalSection
EndGlobal
